
Microsoft Visual Studio Solution File, Format Version 12.00
# Visual Studio Version 16
VisualStudioVersion = 16.0.29230.47
MinimumVisualStudioVersion = 10.0.40219.1
Project("{FAE04EC0-301F-11D3-BF4B-00C04F79EFBC}") = "Ecuaciones2doGrado", "Ecuaciones2doGrado\Ecuaciones2doGrado.csproj", "{A06DEE74-787C-467C-9521-8A45F357E2E1}"
EndProject
Global
	GlobalSection(SolutionConfigurationPlatforms) = preSolution
		Debug|Any CPU = Debug|Any CPU
		Release|Any CPU = Release|Any CPU
	EndGlobalSection
	GlobalSection(ProjectConfigurationPlatforms) = postSolution
		{A06DEE74-787C-467C-9521-8A45F357E2E1}.Debug|Any CPU.ActiveCfg = Debug|Any CPU
		{A06DEE74-787C-467C-9521-8A45F357E2E1}.Debug|Any CPU.Build.0 = Debug|Any CPU
		{A06DEE74-787C-467C-9521-8A45F357E2E1}.Release|Any CPU.ActiveCfg = Release|Any CPU
		{A06DEE74-787C-467C-9521-8A45F357E2E1}.Release|Any CPU.Build.0 = Release|Any CPU
	EndGlobalSection
	GlobalSection(SolutionProperties) = preSolution
		HideSolutionNode = FALSE
	EndGlobalSection
	GlobalSection(ExtensibilityGlobals) = postSolution
		SolutionGuid = {DD649CC0-8C69-4EEE-96ED-E3427A9012BE}
	EndGlobalSection
EndGlobal
