
Microsoft Visual Studio Solution File, Format Version 12.00
# Visual Studio Version 16
VisualStudioVersion = 16.0.29418.71
MinimumVisualStudioVersion = 10.0.40219.1
Project("{FAE04EC0-301F-11D3-BF4B-00C04F79EFBC}") = "ListasObjetos", "ListasObjetos\ListasObjetos.csproj", "{46A5B764-EBA7-41A8-8983-12A60CE3C23C}"
EndProject
Global
	GlobalSection(SolutionConfigurationPlatforms) = preSolution
		Debug|Any CPU = Debug|Any CPU
		Release|Any CPU = Release|Any CPU
	EndGlobalSection
	GlobalSection(ProjectConfigurationPlatforms) = postSolution
		{46A5B764-EBA7-41A8-8983-12A60CE3C23C}.Debug|Any CPU.ActiveCfg = Debug|Any CPU
		{46A5B764-EBA7-41A8-8983-12A60CE3C23C}.Debug|Any CPU.Build.0 = Debug|Any CPU
		{46A5B764-EBA7-41A8-8983-12A60CE3C23C}.Release|Any CPU.ActiveCfg = Release|Any CPU
		{46A5B764-EBA7-41A8-8983-12A60CE3C23C}.Release|Any CPU.Build.0 = Release|Any CPU
	EndGlobalSection
	GlobalSection(SolutionProperties) = preSolution
		HideSolutionNode = FALSE
	EndGlobalSection
	GlobalSection(ExtensibilityGlobals) = postSolution
		SolutionGuid = {3B9CCBE3-9B1B-40FD-94E4-505E920F4C80}
	EndGlobalSection
EndGlobal
