
Microsoft Visual Studio Solution File, Format Version 12.00
# Visual Studio Version 16
VisualStudioVersion = 16.0.29230.47
MinimumVisualStudioVersion = 10.0.40219.1
Project("{FAE04EC0-301F-11D3-BF4B-00C04F79EFBC}") = "Distancia2Dy3D", "Distancia2Dy3D\Distancia2Dy3D.csproj", "{52961A08-7642-4C93-9C97-1161FAA1C9C4}"
EndProject
Global
	GlobalSection(SolutionConfigurationPlatforms) = preSolution
		Debug|Any CPU = Debug|Any CPU
		Release|Any CPU = Release|Any CPU
	EndGlobalSection
	GlobalSection(ProjectConfigurationPlatforms) = postSolution
		{52961A08-7642-4C93-9C97-1161FAA1C9C4}.Debug|Any CPU.ActiveCfg = Debug|Any CPU
		{52961A08-7642-4C93-9C97-1161FAA1C9C4}.Debug|Any CPU.Build.0 = Debug|Any CPU
		{52961A08-7642-4C93-9C97-1161FAA1C9C4}.Release|Any CPU.ActiveCfg = Release|Any CPU
		{52961A08-7642-4C93-9C97-1161FAA1C9C4}.Release|Any CPU.Build.0 = Release|Any CPU
	EndGlobalSection
	GlobalSection(SolutionProperties) = preSolution
		HideSolutionNode = FALSE
	EndGlobalSection
	GlobalSection(ExtensibilityGlobals) = postSolution
		SolutionGuid = {C9948886-4025-45B6-BD59-5CE1DC936C91}
	EndGlobalSection
EndGlobal
