
Microsoft Visual Studio Solution File, Format Version 12.00
# Visual Studio Version 16
VisualStudioVersion = 16.0.29230.47
MinimumVisualStudioVersion = 10.0.40219.1
Project("{FAE04EC0-301F-11D3-BF4B-00C04F79EFBC}") = "Fraccion", "Fraccion\Fraccion.csproj", "{CBA65A0C-4772-4935-8710-76B54E6CB133}"
EndProject
Global
	GlobalSection(SolutionConfigurationPlatforms) = preSolution
		Debug|Any CPU = Debug|Any CPU
		Release|Any CPU = Release|Any CPU
	EndGlobalSection
	GlobalSection(ProjectConfigurationPlatforms) = postSolution
		{CBA65A0C-4772-4935-8710-76B54E6CB133}.Debug|Any CPU.ActiveCfg = Debug|Any CPU
		{CBA65A0C-4772-4935-8710-76B54E6CB133}.Debug|Any CPU.Build.0 = Debug|Any CPU
		{CBA65A0C-4772-4935-8710-76B54E6CB133}.Release|Any CPU.ActiveCfg = Release|Any CPU
		{CBA65A0C-4772-4935-8710-76B54E6CB133}.Release|Any CPU.Build.0 = Release|Any CPU
	EndGlobalSection
	GlobalSection(SolutionProperties) = preSolution
		HideSolutionNode = FALSE
	EndGlobalSection
	GlobalSection(ExtensibilityGlobals) = postSolution
		SolutionGuid = {18C7E8CA-AC82-4E2B-94C0-D16195EAD26A}
	EndGlobalSection
EndGlobal
