
Microsoft Visual Studio Solution File, Format Version 12.00
# Visual Studio Version 16
VisualStudioVersion = 16.0.29418.71
MinimumVisualStudioVersion = 10.0.40219.1
Project("{FAE04EC0-301F-11D3-BF4B-00C04F79EFBC}") = "Examen", "Examen\Examen.csproj", "{00305A0D-F998-4E4B-BB2C-3AF4DC675654}"
EndProject
Global
	GlobalSection(SolutionConfigurationPlatforms) = preSolution
		Debug|Any CPU = Debug|Any CPU
		Release|Any CPU = Release|Any CPU
	EndGlobalSection
	GlobalSection(ProjectConfigurationPlatforms) = postSolution
		{00305A0D-F998-4E4B-BB2C-3AF4DC675654}.Debug|Any CPU.ActiveCfg = Debug|Any CPU
		{00305A0D-F998-4E4B-BB2C-3AF4DC675654}.Debug|Any CPU.Build.0 = Debug|Any CPU
		{00305A0D-F998-4E4B-BB2C-3AF4DC675654}.Release|Any CPU.ActiveCfg = Release|Any CPU
		{00305A0D-F998-4E4B-BB2C-3AF4DC675654}.Release|Any CPU.Build.0 = Release|Any CPU
	EndGlobalSection
	GlobalSection(SolutionProperties) = preSolution
		HideSolutionNode = FALSE
	EndGlobalSection
	GlobalSection(ExtensibilityGlobals) = postSolution
		SolutionGuid = {FED5EADD-DE45-4A22-BD51-63B2933E3A3A}
	EndGlobalSection
EndGlobal
